// !$*UTF8*$!
{
	archiveVersion = 1;
	classes = {
	};
	objectVersion = 50;
	objects = {

/* Begin PBXBuildFile section */
		22A88A602167C92200A01AD3 /* AppDelegate.swift in Sources */ = {isa = PBXBuildFile; fileRef = 22A88A5F2167C92200A01AD3 /* AppDelegate.swift */; };
		22A88A652167C92200A01AD3 /* Main.storyboard in Resources */ = {isa = PBXBuildFile; fileRef = 22A88A632167C92200A01AD3 /* Main.storyboard */; };
		22A88A672167C92600A01AD3 /* Assets.xcassets in Resources */ = {isa = PBXBuildFile; fileRef = 22A88A662167C92600A01AD3 /* Assets.xcassets */; };
		22A88A6A2167C92600A01AD3 /* LaunchScreen.storyboard in Resources */ = {isa = PBXBuildFile; fileRef = 22A88A682167C92600A01AD3 /* LaunchScreen.storyboard */; };
		22A88A752167C92700A01AD3 /* Color_PickerTests.swift in Sources */ = {isa = PBXBuildFile; fileRef = 22A88A742167C92700A01AD3 /* Color_PickerTests.swift */; };
		22A88A802167C92700A01AD3 /* Color_PickerUITests.swift in Sources */ = {isa = PBXBuildFile; fileRef = 22A88A7F2167C92700A01AD3 /* Color_PickerUITests.swift */; };
		22A88A8E2167F35200A01AD3 /* ColorPickerViewController.swift in Sources */ = {isa = PBXBuildFile; fileRef = 22A88A8D2167F35200A01AD3 /* ColorPickerViewController.swift */; };
/* End PBXBuildFile section */

/* Begin PBXContainerItemProxy section */
		22A88A712167C92700A01AD3 /* PBXContainerItemProxy */ = {
			isa = PBXContainerItemProxy;
			containerPortal = 22A88A542167C92200A01AD3 /* Project object */;
			proxyType = 1;
			remoteGlobalIDString = 22A88A5B2167C92200A01AD3;
			remoteInfo = "Color Picker";
		};
		22A88A7C2167C92700A01AD3 /* PBXContainerItemProxy */ = {
			isa = PBXContainerItemProxy;
			containerPortal = 22A88A542167C92200A01AD3 /* Project object */;
			proxyType = 1;
			remoteGlobalIDString = 22A88A5B2167C92200A01AD3;
			remoteInfo = "Color Picker";
		};
/* End PBXContainerItemProxy section */

/* Begin PBXFileReference section */
		22A88A5C2167C92200A01AD3 /* Color Picker.app */ = {isa = PBXFileReference; explicitFileType = wrapper.application; includeInIndex = 0; path = "Color Picker.app"; sourceTree = BUILT_PRODUCTS_DIR; };
		22A88A5F2167C92200A01AD3 /* AppDelegate.swift */ = {isa = PBXFileReference; lastKnownFileType = sourcecode.swift; path = AppDelegate.swift; sourceTree = "<group>"; };
		22A88A642167C92200A01AD3 /* Base */ = {isa = PBXFileReference; lastKnownFileType = file.storyboard; name = Base; path = Base.lproj/Main.storyboard; sourceTree = "<group>"; };
		22A88A662167C92600A01AD3 /* Assets.xcassets */ = {isa = PBXFileReference; lastKnownFileType = folder.assetcatalog; path = Assets.xcassets; sourceTree = "<group>"; };
		22A88A692167C92600A01AD3 /* Base */ = {isa = PBXFileReference; lastKnownFileType = file.storyboard; name = Base; path = Base.lproj/LaunchScreen.storyboard; sourceTree = "<group>"; };
		22A88A6B2167C92600A01AD3 /* Info.plist */ = {isa = PBXFileReference; lastKnownFileType = text.plist.xml; path = Info.plist; sourceTree = "<group>"; };
		22A88A702167C92700A01AD3 /* Color PickerTests.xctest */ = {isa = PBXFileReference; explicitFileType = wrapper.cfbundle; includeInIndex = 0; path = "Color PickerTests.xctest"; sourceTree = BUILT_PRODUCTS_DIR; };
		22A88A742167C92700A01AD3 /* Color_PickerTests.swift */ = {isa = PBXFileReference; lastKnownFileType = sourcecode.swift; path = Color_PickerTests.swift; sourceTree = "<group>"; };
		22A88A762167C92700A01AD3 /* Info.plist */ = {isa = PBXFileReference; lastKnownFileType = text.plist.xml; path = Info.plist; sourceTree = "<group>"; };
		22A88A7B2167C92700A01AD3 /* Color PickerUITests.xctest */ = {isa = PBXFileReference; explicitFileType = wrapper.cfbundle; includeInIndex = 0; path = "Color PickerUITests.xctest"; sourceTree = BUILT_PRODUCTS_DIR; };
		22A88A7F2167C92700A01AD3 /* Color_PickerUITests.swift */ = {isa = PBXFileReference; lastKnownFileType = sourcecode.swift; path = Color_PickerUITests.swift; sourceTree = "<group>"; };
		22A88A812167C92700A01AD3 /* Info.plist */ = {isa = PBXFileReference; lastKnownFileType = text.plist.xml; path = Info.plist; sourceTree = "<group>"; };
		22A88A8D2167F35200A01AD3 /* ColorPickerViewController.swift */ = {isa = PBXFileReference; lastKnownFileType = sourcecode.swift; path = ColorPickerViewController.swift; sourceTree = "<group>"; };
/* End PBXFileReference section */

/* Begin PBXFrameworksBuildPhase section */
		22A88A592167C92200A01AD3 /* Frameworks */ = {
			isa = PBXFrameworksBuildPhase;
			buildActionMask = 2147483647;
			files = (
			);
			runOnlyForDeploymentPostprocessing = 0;
		};
		22A88A6D2167C92700A01AD3 /* Frameworks */ = {
			isa = PBXFrameworksBuildPhase;
			buildActionMask = 2147483647;
			files = (
			);
			runOnlyForDeploymentPostprocessing = 0;
		};
		22A88A782167C92700A01AD3 /* Frameworks */ = {
			isa = PBXFrameworksBuildPhase;
			buildActionMask = 2147483647;
			files = (
			);
			runOnlyForDeploymentPostprocessing = 0;
		};
/* End PBXFrameworksBuildPhase section */

/* Begin PBXGroup section */
		22A88A532167C92200A01AD3 = {
			isa = PBXGroup;
			children = (
				22A88A5E2167C92200A01AD3 /* Color Picker */,
				22A88A732167C92700A01AD3 /* Color PickerTests */,
				22A88A7E2167C92700A01AD3 /* Color PickerUITests */,
				22A88A5D2167C92200A01AD3 /* Products */,
			);
			sourceTree = "<group>";
		};
		22A88A5D2167C92200A01AD3 /* Products */ = {
			isa = PBXGroup;
			children = (
				22A88A5C2167C92200A01AD3 /* Color Picker.app */,
				22A88A702167C92700A01AD3 /* Color PickerTests.xctest */,
				22A88A7B2167C92700A01AD3 /* Color PickerUITests.xctest */,
			);
			name = Products;
			sourceTree = "<group>";
		};
		22A88A5E2167C92200A01AD3 /* Color Picker */ = {
			isa = PBXGroup;
			children = (
				22A88A5F2167C92200A01AD3 /* AppDelegate.swift */,
				22A88A632167C92200A01AD3 /* Main.storyboard */,
				22A88A662167C92600A01AD3 /* Assets.xcassets */,
				22A88A682167C92600A01AD3 /* LaunchScreen.storyboard */,
				22A88A6B2167C92600A01AD3 /* Info.plist */,
				22A88A8D2167F35200A01AD3 /* ColorPickerViewController.swift */,
			);
			path = "Color Picker";
			sourceTree = "<group>";
		};
		22A88A732167C92700A01AD3 /* Color PickerTests */ = {
			isa = PBXGroup;
			children = (
				22A88A742167C92700A01AD3 /* Color_PickerTests.swift */,
				22A88A762167C92700A01AD3 /* Info.plist */,
			);
			path = "Color PickerTests";
			sourceTree = "<group>";
		};
		22A88A7E2167C92700A01AD3 /* Color PickerUITests */ = {
			isa = PBXGroup;
			children = (
				22A88A7F2167C92700A01AD3 /* Color_PickerUITests.swift */,
				22A88A812167C92700A01AD3 /* Info.plist */,
			);
			path = "Color PickerUITests";
			sourceTree = "<group>";
		};
/* End PBXGroup section */

/* Begin PBXNativeTarget section */
		22A88A5B2167C92200A01AD3 /* Color Picker */ = {
			isa = PBXNativeTarget;
			buildConfigurationList = 22A88A842167C92700A01AD3 /* Build configuration list for PBXNativeTarget "Color Picker" */;
			buildPhases = (
				22A88A582167C92200A01AD3 /* Sources */,
				22A88A592167C92200A01AD3 /* Frameworks */,
				22A88A5A2167C92200A01AD3 /* Resources */,
			);
			buildRules = (
			);
			dependencies = (
			);
			name = "Color Picker";
			productName = "Color Picker";
			productReference = 22A88A5C2167C92200A01AD3 /* Color Picker.app */;
			productType = "com.apple.product-type.application";
		};
		22A88A6F2167C92700A01AD3 /* Color PickerTests */ = {
			isa = PBXNativeTarget;
			buildConfigurationList = 22A88A872167C92700A01AD3 /* Build configuration list for PBXNativeTarget "Color PickerTests" */;
			buildPhases = (
				22A88A6C2167C92700A01AD3 /* Sources */,
				22A88A6D2167C92700A01AD3 /* Frameworks */,
				22A88A6E2167C92700A01AD3 /* Resources */,
			);
			buildRules = (
			);
			dependencies = (
				22A88A722167C92700A01AD3 /* PBXTargetDependency */,
			);
			name = "Color PickerTests";
			productName = "Color PickerTests";
			productReference = 22A88A702167C92700A01AD3 /* Color PickerTests.xctest */;
			productType = "com.apple.product-type.bundle.unit-test";
		};
		22A88A7A2167C92700A01AD3 /* Color PickerUITests */ = {
			isa = PBXNativeTarget;
			buildConfigurationList = 22A88A8A2167C92700A01AD3 /* Build configuration list for PBXNativeTarget "Color PickerUITests" */;
			buildPhases = (
				22A88A772167C92700A01AD3 /* Sources */,
				22A88A782167C92700A01AD3 /* Frameworks */,
				22A88A792167C92700A01AD3 /* Resources */,
			);
			buildRules = (
			);
			dependencies = (
				22A88A7D2167C92700A01AD3 /* PBXTargetDependency */,
			);
			name = "Color PickerUITests";
			productName = "Color PickerUITests";
			productReference = 22A88A7B2167C92700A01AD3 /* Color PickerUITests.xctest */;
			productType = "com.apple.product-type.bundle.ui-testing";
		};
/* End PBXNativeTarget section */

/* Begin PBXProject section */
		22A88A542167C92200A01AD3 /* Project object */ = {
			isa = PBXProject;
			attributes = {
				LastSwiftUpdateCheck = 0940;
				LastUpgradeCheck = 0940;
				ORGANIZATIONNAME = Sam;
				TargetAttributes = {
					22A88A5B2167C92200A01AD3 = {
						CreatedOnToolsVersion = 9.4.1;
					};
					22A88A6F2167C92700A01AD3 = {
						CreatedOnToolsVersion = 9.4.1;
						TestTargetID = 22A88A5B2167C92200A01AD3;
					};
					22A88A7A2167C92700A01AD3 = {
						CreatedOnToolsVersion = 9.4.1;
						TestTargetID = 22A88A5B2167C92200A01AD3;
					};
				};
			};
			buildConfigurationList = 22A88A572167C92200A01AD3 /* Build configuration list for PBXProject "Color Picker" */;
			compatibilityVersion = "Xcode 9.3";
			developmentRegion = en;
			hasScannedForEncodings = 0;
			knownRegions = (
				en,
				Base,
			);
			mainGroup = 22A88A532167C92200A01AD3;
			productRefGroup = 22A88A5D2167C92200A01AD3 /* Products */;
			projectDirPath = "";
			projectRoot = "";
			targets = (
				22A88A5B2167C92200A01AD3 /* Color Picker */,
				22A88A6F2167C92700A01AD3 /* Color PickerTests */,
				22A88A7A2167C92700A01AD3 /* Color PickerUITests */,
			);
		};
/* End PBXProject section */

/* Begin PBXResourcesBuildPhase section */
		22A88A5A2167C92200A01AD3 /* Resources */ = {
			isa = PBXResourcesBuildPhase;
			buildActionMask = 2147483647;
			files = (
				22A88A6A2167C92600A01AD3 /* LaunchScreen.storyboard in Resources */,
				22A88A672167C92600A01AD3 /* Assets.xcassets in Resources */,
				22A88A652167C92200A01AD3 /* Main.storyboard in Resources */,
			);
			runOnlyForDeploymentPostprocessing = 0;
		};
		22A88A6E2167C92700A01AD3 /* Resources */ = {
			isa = PBXResourcesBuildPhase;
			buildActionMask = 2147483647;
			files = (
			);
			runOnlyForDeploymentPostprocessing = 0;
		};
		22A88A792167C92700A01AD3 /* Resources */ = {
			isa = PBXResourcesBuildPhase;
			buildActionMask = 2147483647;
			files = (
			);
			runOnlyForDeploymentPostprocessing = 0;
		};
/* End PBXResourcesBuildPhase section */

/* Begin PBXSourcesBuildPhase section */
		22A88A582167C92200A01AD3 /* Sources */ = {
			isa = PBXSourcesBuildPhase;
			buildActionMask = 2147483647;
			files = (
				22A88A8E2167F35200A01AD3 /* ColorPickerViewController.swift in Sources */,
				22A88A602167C92200A01AD3 /* AppDelegate.swift in Sources */,
			);
			runOnlyForDeploymentPostprocessing = 0;
		};
		22A88A6C2167C92700A01AD3 /* Sources */ = {
			isa = PBXSourcesBuildPhase;
			buildActionMask = 2147483647;
			files = (
				22A88A752167C92700A01AD3 /* Color_PickerTests.swift in Sources */,
			);
			runOnlyForDeploymentPostprocessing = 0;
		};
		22A88A772167C92700A01AD3 /* Sources */ = {
			isa = PBXSourcesBuildPhase;
			buildActionMask = 2147483647;
			files = (
				22A88A802167C92700A01AD3 /* Color_PickerUITests.swift in Sources */,
			);
			runOnlyForDeploymentPostprocessing = 0;
		};
/* End PBXSourcesBuildPhase section */

/* Begin PBXTargetDependency section */
		22A88A722167C92700A01AD3 /* PBXTargetDependency */ = {
			isa = PBXTargetDependency;
			target = 22A88A5B2167C92200A01AD3 /* Color Picker */;
			targetProxy = 22A88A712167C92700A01AD3 /* PBXContainerItemProxy */;
		};
		22A88A7D2167C92700A01AD3 /* PBXTargetDependency */ = {
			isa = PBXTargetDependency;
			target = 22A88A5B2167C92200A01AD3 /* Color Picker */;
			targetProxy = 22A88A7C2167C92700A01AD3 /* PBXContainerItemProxy */;
		};
/* End PBXTargetDependency section */

/* Begin PBXVariantGroup section */
		22A88A632167C92200A01AD3 /* Main.storyboard */ = {
			isa = PBXVariantGroup;
			children = (
				22A88A642167C92200A01AD3 /* Base */,
			);
			name = Main.storyboard;
			sourceTree = "<group>";
		};
		22A88A682167C92600A01AD3 /* LaunchScreen.storyboard */ = {
			isa = PBXVariantGroup;
			children = (
				22A88A692167C92600A01AD3 /* Base */,
			);
			name = LaunchScreen.storyboard;
			sourceTree = "<group>";
		};
/* End PBXVariantGroup section */

/* Begin XCBuildConfiguration section */
		22A88A822167C92700A01AD3 /* Debug */ = {
			isa = XCBuildConfiguration;
			buildSettings = {
				ALWAYS_SEARCH_USER_PATHS = NO;
				CLANG_ANALYZER_NONNULL = YES;
				CLANG_ANALYZER_NUMBER_OBJECT_CONVERSION = YES_AGGRESSIVE;
				CLANG_CXX_LANGUAGE_STANDARD = "gnu++14";
				CLANG_CXX_LIBRARY = "libc++";
				CLANG_ENABLE_MODULES = YES;
				CLANG_ENABLE_OBJC_ARC = YES;
				CLANG_ENABLE_OBJC_WEAK = YES;
				CLANG_WARN_BLOCK_CAPTURE_AUTORELEASING = YES;
				CLANG_WARN_BOOL_CONVERSION = YES;
				CLANG_WARN_COMMA = YES;
				CLANG_WARN_CONSTANT_CONVERSION = YES;
				CLANG_WARN_DEPRECATED_OBJC_IMPLEMENTATIONS = YES;
				CLANG_WARN_DIRECT_OBJC_ISA_USAGE = YES_ERROR;
				CLANG_WARN_DOCUMENTATION_COMMENTS = YES;
				CLANG_WARN_EMPTY_BODY = YES;
				CLANG_WARN_ENUM_CONVERSION = YES;
				CLANG_WARN_INFINITE_RECURSION = YES;
				CLANG_WARN_INT_CONVERSION = YES;
				CLANG_WARN_NON_LITERAL_NULL_CONVERSION = YES;
				CLANG_WARN_OBJC_IMPLICIT_RETAIN_SELF = YES;
				CLANG_WARN_OBJC_LITERAL_CONVERSION = YES;
				CLANG_WARN_OBJC_ROOT_CLASS = YES_ERROR;
				CLANG_WARN_RANGE_LOOP_ANALYSIS = YES;
				CLANG_WARN_STRICT_PROTOTYPES = YES;
				CLANG_WARN_SUSPICIOUS_MOVE = YES;
				CLANG_WARN_UNGUARDED_AVAILABILITY = YES_AGGRESSIVE;
				CLANG_WARN_UNREACHABLE_CODE = YES;
				CLANG_WARN__DUPLICATE_METHOD_MATCH = YES;
				CODE_SIGN_IDENTITY = "iPhone Developer";
				COPY_PHASE_STRIP = NO;
				DEBUG_INFORMATION_FORMAT = dwarf;
				ENABLE_STRICT_OBJC_MSGSEND = YES;
				ENABLE_TESTABILITY = YES;
				GCC_C_LANGUAGE_STANDARD = gnu11;
				GCC_DYNAMIC_NO_PIC = NO;
				GCC_NO_COMMON_BLOCKS = YES;
				GCC_OPTIMIZATION_LEVEL = 0;
				GCC_PREPROCESSOR_DEFINITIONS = (
					"DEBUG=1",
					"$(inherited)",
				);
				GCC_WARN_64_TO_32_BIT_CONVERSION = YES;
				GCC_WARN_ABOUT_RETURN_TYPE = YES_ERROR;
				GCC_WARN_UNDECLARED_SELECTOR = YES;
				GCC_WARN_UNINITIALIZED_AUTOS = YES_AGGRESSIVE;
				GCC_WARN_UNUSED_FUNCTION = YES;
				GCC_WARN_UNUSED_VARIABLE = YES;
				IPHONEOS_DEPLOYMENT_TARGET = 11.4;
				MTL_ENABLE_DEBUG_INFO = YES;
				ONLY_ACTIVE_ARCH = YES;
				SDKROOT = iphoneos;
				SWIFT_ACTIVE_COMPILATION_CONDITIONS = DEBUG;
				SWIFT_OPTIMIZATION_LEVEL = "-Onone";
			};
			name = Debug;
		};
		22A88A832167C92700A01AD3 /* Release */ = {
			isa = XCBuildConfiguration;
			buildSettings = {
				ALWAYS_SEARCH_USER_PATHS = NO;
				CLANG_ANALYZER_NONNULL = YES;
				CLANG_ANALYZER_NUMBER_OBJECT_CONVERSION = YES_AGGRESSIVE;
				CLANG_CXX_LANGUAGE_STANDARD = "gnu++14";
				CLANG_CXX_LIBRARY = "libc++";
				CLANG_ENABLE_MODULES = YES;
				CLANG_ENABLE_OBJC_ARC = YES;
				CLANG_ENABLE_OBJC_WEAK = YES;
				CLANG_WARN_BLOCK_CAPTURE_AUTORELEASING = YES;
				CLANG_WARN_BOOL_CONVERSION = YES;
				CLANG_WARN_COMMA = YES;
				CLANG_WARN_CONSTANT_CONVERSION = YES;
				CLANG_WARN_DEPRECATED_OBJC_IMPLEMENTATIONS = YES;
				CLANG_WARN_DIRECT_OBJC_ISA_USAGE = YES_ERROR;
				CLANG_WARN_DOCUMENTATION_COMMENTS = YES;
				CLANG_WARN_EMPTY_BODY = YES;
				CLANG_WARN_ENUM_CONVERSION = YES;
				CLANG_WARN_INFINITE_RECURSION = YES;
				CLANG_WARN_INT_CONVERSION = YES;
				CLANG_WARN_NON_LITERAL_NULL_CONVERSION = YES;
				CLANG_WARN_OBJC_IMPLICIT_RETAIN_SELF = YES;
				CLANG_WARN_OBJC_LITERAL_CONVERSION = YES;
				CLANG_WARN_OBJC_ROOT_CLASS = YES_ERROR;
				CLANG_WARN_RANGE_LOOP_ANALYSIS = YES;
				CLANG_WARN_STRICT_PROTOTYPES = YES;
				CLANG_WARN_SUSPICIOUS_MOVE = YES;
				CLANG_WARN_UNGUARDED_AVAILABILITY = YES_AGGRESSIVE;
				CLANG_WARN_UNREACHABLE_CODE = YES;
				CLANG_WARN__DUPLICATE_METHOD_MATCH = YES;
				CODE_SIGN_IDENTITY = "iPhone Developer";
				COPY_PHASE_STRIP = NO;
				DEBUG_INFORMATION_FORMAT = "dwarf-with-dsym";
				ENABLE_NS_ASSERTIONS = NO;
				ENABLE_STRICT_OBJC_MSGSEND = YES;
				GCC_C_LANGUAGE_STANDARD = gnu11;
				GCC_NO_COMMON_BLOCKS = YES;
				GCC_WARN_64_TO_32_BIT_CONVERSION = YES;
				GCC_WARN_ABOUT_RETURN_TYPE = YES_ERROR;
				GCC_WARN_UNDECLARED_SELECTOR = YES;
				GCC_WARN_UNINITIALIZED_AUTOS = YES_AGGRESSIVE;
				GCC_WARN_UNUSED_FUNCTION = YES;
				GCC_WARN_UNUSED_VARIABLE = YES;
				IPHONEOS_DEPLOYMENT_TARGET = 11.4;
				MTL_ENABLE_DEBUG_INFO = NO;
				SDKROOT = iphoneos;
				SWIFT_COMPILATION_MODE = wholemodule;
				SWIFT_OPTIMIZATION_LEVEL = "-O";
				VALIDATE_PRODUCT = YES;
			};
			name = Release;
		};
		22A88A852167C92700A01AD3 /* Debug */ = {
			isa = XCBuildConfiguration;
			buildSettings = {
				ASSETCATALOG_COMPILER_APPICON_NAME = AppIcon;
				CODE_SIGN_STYLE = Automatic;
				INFOPLIST_FILE = "Color Picker/Info.plist";
				LD_RUNPATH_SEARCH_PATHS = (
					"$(inherited)",
					"@executable_path/Frameworks",
				);
				PRODUCT_BUNDLE_IDENTIFIER = "spevy3.Color-Picker";
				PRODUCT_NAME = "$(TARGET_NAME)";
				SWIFT_VERSION = 4.0;
				TARGETED_DEVICE_FAMILY = "1,2";
			};
			name = Debug;
		};
		22A88A862167C92700A01AD3 /* Release */ = {
			isa = XCBuildConfiguration;
			buildSettings = {
				ASSETCATALOG_COMPILER_APPICON_NAME = AppIcon;
				CODE_SIGN_STYLE = Automatic;
				INFOPLIST_FILE = "Color Picker/Info.plist";
				LD_RUNPATH_SEARCH_PATHS = (
					"$(inherited)",
					"@executable_path/Frameworks",
				);
				PRODUCT_BUNDLE_IDENTIFIER = "spevy3.Color-Picker";
				PRODUCT_NAME = "$(TARGET_NAME)";
				SWIFT_VERSION = 4.0;
				TARGETED_DEVICE_FAMILY = "1,2";
			};
			name = Release;
		};
		22A88A882167C92700A01AD3 /* Debug */ = {
			isa = XCBuildConfiguration;
			buildSettings = {
				ALWAYS_EMBED_SWIFT_STANDARD_LIBRARIES = YES;
				BUNDLE_LOADER = "$(TEST_HOST)";
				CODE_SIGN_STYLE = Automatic;
				INFOPLIST_FILE = "Color PickerTests/Info.plist";
				LD_RUNPATH_SEARCH_PATHS = (
					"$(inherited)",
					"@executable_path/Frameworks",
					"@loader_path/Frameworks",
				);
				PRODUCT_BUNDLE_IDENTIFIER = "spevy3.Color-PickerTests";
				PRODUCT_NAME = "$(TARGET_NAME)";
				SWIFT_VERSION = 4.0;
				TARGETED_DEVICE_FAMILY = "1,2";
				TEST_HOST = "$(BUILT_PRODUCTS_DIR)/Color Picker.app/Color Picker";
			};
			name = Debug;
		};
		22A88A892167C92700A01AD3 /* Release */ = {
			isa = XCBuildConfiguration;
			buildSettings = {
				ALWAYS_EMBED_SWIFT_STANDARD_LIBRARIES = YES;
				BUNDLE_LOADER = "$(TEST_HOST)";
				CODE_SIGN_STYLE = Automatic;
				INFOPLIST_FILE = "Color PickerTests/Info.plist";
				LD_RUNPATH_SEARCH_PATHS = (
					"$(inherited)",
					"@executable_path/Frameworks",
					"@loader_path/Frameworks",
				);
				PRODUCT_BUNDLE_IDENTIFIER = "spevy3.Color-PickerTests";
				PRODUCT_NAME = "$(TARGET_NAME)";
				SWIFT_VERSION = 4.0;
				TARGETED_DEVICE_FAMILY = "1,2";
				TEST_HOST = "$(BUILT_PRODUCTS_DIR)/Color Picker.app/Color Picker";
			};
			name = Release;
		};
		22A88A8B2167C92700A01AD3 /* Debug */ = {
			isa = XCBuildConfiguration;
			buildSettings = {
				ALWAYS_EMBED_SWIFT_STANDARD_LIBRARIES = YES;
				CODE_SIGN_STYLE = Automatic;
				INFOPLIST_FILE = "Color PickerUITests/Info.plist";
				LD_RUNPATH_SEARCH_PATHS = (
					"$(inherited)",
					"@executable_path/Frameworks",
					"@loader_path/Frameworks",
				);
				PRODUCT_BUNDLE_IDENTIFIER = "spevy3.Color-PickerUITests";
				PRODUCT_NAME = "$(TARGET_NAME)";
				SWIFT_VERSION = 4.0;
				TARGETED_DEVICE_FAMILY = "1,2";
				TEST_TARGET_NAME = "Color Picker";
			};
			name = Debug;
		};
		22A88A8C2167C92700A01AD3 /* Release */ = {
			isa = XCBuildConfiguration;
			buildSettings = {
				ALWAYS_EMBED_SWIFT_STANDARD_LIBRARIES = YES;
				CODE_SIGN_STYLE = Automatic;
				INFOPLIST_FILE = "Color PickerUITests/Info.plist";
				LD_RUNPATH_SEARCH_PATHS = (
					"$(inherited)",
					"@executable_path/Frameworks",
					"@loader_path/Frameworks",
				);
				PRODUCT_BUNDLE_IDENTIFIER = "spevy3.Color-PickerUITests";
				PRODUCT_NAME = "$(TARGET_NAME)";
				SWIFT_VERSION = 4.0;
				TARGETED_DEVICE_FAMILY = "1,2";
				TEST_TARGET_NAME = "Color Picker";
			};
			name = Release;
		};
/* End XCBuildConfiguration section */

/* Begin XCConfigurationList section */
		22A88A572167C92200A01AD3 /* Build configuration list for PBXProject "Color Picker" */ = {
			isa = XCConfigurationList;
			buildConfigurations = (
				22A88A822167C92700A01AD3 /* Debug */,
				22A88A832167C92700A01AD3 /* Release */,
			);
			defaultConfigurationIsVisible = 0;
			defaultConfigurationName = Release;
		};
		22A88A842167C92700A01AD3 /* Build configuration list for PBXNativeTarget "Color Picker" */ = {
			isa = XCConfigurationList;
			buildConfigurations = (
				22A88A852167C92700A01AD3 /* Debug */,
				22A88A862167C92700A01AD3 /* Release */,
			);
			defaultConfigurationIsVisible = 0;
			defaultConfigurationName = Release;
		};
		22A88A872167C92700A01AD3 /* Build configuration list for PBXNativeTarget "Color PickerTests" */ = {
			isa = XCConfigurationList;
			buildConfigurations = (
				22A88A882167C92700A01AD3 /* Debug */,
				22A88A892167C92700A01AD3 /* Release */,
			);
			defaultConfigurationIsVisible = 0;
			defaultConfigurationName = Release;
		};
		22A88A8A2167C92700A01AD3 /* Build configuration list for PBXNativeTarget "Color PickerUITests" */ = {
			isa = XCConfigurationList;
			buildConfigurations = (
				22A88A8B2167C92700A01AD3 /* Debug */,
				22A88A8C2167C92700A01AD3 /* Release */,
			);
			defaultConfigurationIsVisible = 0;
			defaultConfigurationName = Release;
		};
/* End XCConfigurationList section */
	};
	rootObject = 22A88A542167C92200A01AD3 /* Project object */;
}
